{
  "requires": true,
  "lockfileVersion": 1,
  "dependencies": {
    "@splidejs/splide": {
      "version": "3.2.1",
      "resolved": "https://registry.npmjs.org/@splidejs/splide/-/splide-3.2.1.tgz",
      "integrity": "sha512-P6gBp+JtsG67ZnHWxzA8jGc7rZQ1nls7CDJQkQeexxXdFu+4myouRIzXhooU/uWdQDNEQ4ttgC3F1+T1tgstuw=="
    }
  }
}
